
Microsoft Visual Studio Solution File, Format Version 12.00
# Visual Studio 15
VisualStudioVersion = 15.0.27004.2002
MinimumVisualStudioVersion = 10.0.40219.1
Project("{FAE04EC0-301F-11D3-BF4B-00C04F79EFBC}") = "DriveWithStrangers.Web", "DriveWithStrangers.Web\DriveWithStrangers.Web.csproj", "{FCC26C4E-6CFD-489C-AEEA-1FAB883FBE6C}"
EndProject
Project("{FAE04EC0-301F-11D3-BF4B-00C04F79EFBC}") = "DriveWithStrangers.Data", "DriveWithStrangers.Data\DriveWithStrangers.Data.csproj", "{F9778799-E9E1-4451-AC6E-E54377B211B1}"
EndProject
Global
	GlobalSection(SolutionConfigurationPlatforms) = preSolution
		Debug|Any CPU = Debug|Any CPU
		Release|Any CPU = Release|Any CPU
	EndGlobalSection
	GlobalSection(ProjectConfigurationPlatforms) = postSolution
		{FCC26C4E-6CFD-489C-AEEA-1FAB883FBE6C}.Debug|Any CPU.ActiveCfg = Debug|Any CPU
		{FCC26C4E-6CFD-489C-AEEA-1FAB883FBE6C}.Debug|Any CPU.Build.0 = Debug|Any CPU
		{FCC26C4E-6CFD-489C-AEEA-1FAB883FBE6C}.Release|Any CPU.ActiveCfg = Release|Any CPU
		{FCC26C4E-6CFD-489C-AEEA-1FAB883FBE6C}.Release|Any CPU.Build.0 = Release|Any CPU
		{F9778799-E9E1-4451-AC6E-E54377B211B1}.Debug|Any CPU.ActiveCfg = Debug|Any CPU
		{F9778799-E9E1-4451-AC6E-E54377B211B1}.Debug|Any CPU.Build.0 = Debug|Any CPU
		{F9778799-E9E1-4451-AC6E-E54377B211B1}.Release|Any CPU.ActiveCfg = Release|Any CPU
		{F9778799-E9E1-4451-AC6E-E54377B211B1}.Release|Any CPU.Build.0 = Release|Any CPU
	EndGlobalSection
	GlobalSection(SolutionProperties) = preSolution
		HideSolutionNode = FALSE
	EndGlobalSection
	GlobalSection(ExtensibilityGlobals) = postSolution
		SolutionGuid = {E16F0C5A-C51B-41AE-B7CA-0AD5D438FB7C}
	EndGlobalSection
EndGlobal
